
Microsoft Visual Studio Solution File, Format Version 12.00
# Visual Studio Version 17
VisualStudioVersion = 17.4.33122.133
MinimumVisualStudioVersion = 10.0.40219.1
Project("{9A19103F-16F7-4668-BE54-9A1E7A4F7556}") = "Task1.CustomQueue", "Task1.CustomQueue\Task1.CustomQueue.csproj", "{2F6EF12F-04D4-4099-B19F-0D6F8D5D1B7E}"
EndProject
Project("{9A19103F-16F7-4668-BE54-9A1E7A4F7556}") = "Task1.CustomStack", "Task1.CustomStack\Task1.CustomStack.csproj", "{2A023B8B-F20A-4D90-9869-A900AFC2778F}"
EndProject
Project("{9A19103F-16F7-4668-BE54-9A1E7A4F7556}") = "Task1.Tests", "Task1.Tests\Task1.Tests.csproj", "{22C0357C-0891-4AA3-B135-8314368E81A5}"
EndProject
Project("{9A19103F-16F7-4668-BE54-9A1E7A4F7556}") = "Task1.CustomLinkedList", "Task1.CustomLinkedList\Task1.CustomLinkedList.csproj", "{8E811232-55F3-4112-B6A7-A325268D87A2}"
EndProject
Project("{2150E333-8FDC-42A3-9474-1A3956D46DE8}") = "Solution Items", "Solution Items", "{A6958116-979F-471F-8BEF-FAF296EE524F}"
EndProject
Project("{FAE04EC0-301F-11D3-BF4B-00C04F79EFBC}") = "Task1.CustomExceptions", "Task1.CustomExceptions\Task1.CustomExceptions.csproj", "{7B93D7F3-2DEB-41FF-805D-953C5F4AD275}"
EndProject
Global
	GlobalSection(SolutionConfigurationPlatforms) = preSolution
		Debug|Any CPU = Debug|Any CPU
		Release|Any CPU = Release|Any CPU
	EndGlobalSection
	GlobalSection(ProjectConfigurationPlatforms) = postSolution
		{2F6EF12F-04D4-4099-B19F-0D6F8D5D1B7E}.Debug|Any CPU.ActiveCfg = Debug|Any CPU
		{2F6EF12F-04D4-4099-B19F-0D6F8D5D1B7E}.Debug|Any CPU.Build.0 = Debug|Any CPU
		{2F6EF12F-04D4-4099-B19F-0D6F8D5D1B7E}.Release|Any CPU.ActiveCfg = Release|Any CPU
		{2F6EF12F-04D4-4099-B19F-0D6F8D5D1B7E}.Release|Any CPU.Build.0 = Release|Any CPU
		{2A023B8B-F20A-4D90-9869-A900AFC2778F}.Debug|Any CPU.ActiveCfg = Debug|Any CPU
		{2A023B8B-F20A-4D90-9869-A900AFC2778F}.Debug|Any CPU.Build.0 = Debug|Any CPU
		{2A023B8B-F20A-4D90-9869-A900AFC2778F}.Release|Any CPU.ActiveCfg = Release|Any CPU
		{2A023B8B-F20A-4D90-9869-A900AFC2778F}.Release|Any CPU.Build.0 = Release|Any CPU
		{22C0357C-0891-4AA3-B135-8314368E81A5}.Debug|Any CPU.ActiveCfg = Debug|Any CPU
		{22C0357C-0891-4AA3-B135-8314368E81A5}.Debug|Any CPU.Build.0 = Debug|Any CPU
		{22C0357C-0891-4AA3-B135-8314368E81A5}.Release|Any CPU.ActiveCfg = Release|Any CPU
		{22C0357C-0891-4AA3-B135-8314368E81A5}.Release|Any CPU.Build.0 = Release|Any CPU
		{8E811232-55F3-4112-B6A7-A325268D87A2}.Debug|Any CPU.ActiveCfg = Debug|Any CPU
		{8E811232-55F3-4112-B6A7-A325268D87A2}.Debug|Any CPU.Build.0 = Debug|Any CPU
		{8E811232-55F3-4112-B6A7-A325268D87A2}.Release|Any CPU.ActiveCfg = Release|Any CPU
		{8E811232-55F3-4112-B6A7-A325268D87A2}.Release|Any CPU.Build.0 = Release|Any CPU
		{7B93D7F3-2DEB-41FF-805D-953C5F4AD275}.Debug|Any CPU.ActiveCfg = Debug|Any CPU
		{7B93D7F3-2DEB-41FF-805D-953C5F4AD275}.Debug|Any CPU.Build.0 = Debug|Any CPU
		{7B93D7F3-2DEB-41FF-805D-953C5F4AD275}.Release|Any CPU.ActiveCfg = Release|Any CPU
		{7B93D7F3-2DEB-41FF-805D-953C5F4AD275}.Release|Any CPU.Build.0 = Release|Any CPU
	EndGlobalSection
	GlobalSection(SolutionProperties) = preSolution
		HideSolutionNode = FALSE
	EndGlobalSection
	GlobalSection(ExtensibilityGlobals) = postSolution
		SolutionGuid = {91336500-3DCF-4BE9-9858-E74C778A0095}
	EndGlobalSection
EndGlobal
